// !$*UTF8*$!
{
	archiveVersion = 1;
	classes = {
	};
	objectVersion = 55;
	objects = {

/* Begin PBXBuildFile section */
		F2007EE528473BE900AA0631 /* Food.swift in Sources */ = {isa = PBXBuildFile; fileRef = F2007EE428473BE900AA0631 /* Food.swift */; };
		F239AC47284D856800AA33EB /* String+Trim.swift in Sources */ = {isa = PBXBuildFile; fileRef = F239AC46284D856800AA33EB /* String+Trim.swift */; };
		F28420132847358A0005AC3E /* AppDelegate.swift in Sources */ = {isa = PBXBuildFile; fileRef = F28420122847358A0005AC3E /* AppDelegate.swift */; };
		F28420152847358A0005AC3E /* SceneDelegate.swift in Sources */ = {isa = PBXBuildFile; fileRef = F28420142847358A0005AC3E /* SceneDelegate.swift */; };
		F284201A2847358A0005AC3E /* Main.storyboard in Resources */ = {isa = PBXBuildFile; fileRef = F28420182847358A0005AC3E /* Main.storyboard */; };
		F284201C2847358B0005AC3E /* Assets.xcassets in Resources */ = {isa = PBXBuildFile; fileRef = F284201B2847358B0005AC3E /* Assets.xcassets */; };
		F284201F2847358B0005AC3E /* LaunchScreen.storyboard in Resources */ = {isa = PBXBuildFile; fileRef = F284201D2847358B0005AC3E /* LaunchScreen.storyboard */; };
		F29C9E0A284B1A77004B34C8 /* HomeCollectionViewController.swift in Sources */ = {isa = PBXBuildFile; fileRef = F29C9E09284B1A77004B34C8 /* HomeCollectionViewController.swift */; };
		F29C9E0D284B1C65004B34C8 /* Filter.swift in Sources */ = {isa = PBXBuildFile; fileRef = F29C9E0C284B1C65004B34C8 /* Filter.swift */; };
		F29C9E11284B212E004B34C8 /* Item.swift in Sources */ = {isa = PBXBuildFile; fileRef = F29C9E10284B212E004B34C8 /* Item.swift */; };
		F29C9E15284B399F004B34C8 /* FilterCollectionViewCell.swift in Sources */ = {isa = PBXBuildFile; fileRef = F29C9E14284B399F004B34C8 /* FilterCollectionViewCell.swift */; };
		F29C9E17284B39B2004B34C8 /* FoodCollectionViewCell.swift in Sources */ = {isa = PBXBuildFile; fileRef = F29C9E16284B39B2004B34C8 /* FoodCollectionViewCell.swift */; };
/* End PBXBuildFile section */

/* Begin PBXFileReference section */
		F2007EE428473BE900AA0631 /* Food.swift */ = {isa = PBXFileReference; lastKnownFileType = sourcecode.swift; path = Food.swift; sourceTree = "<group>"; };
		F239AC46284D856800AA33EB /* String+Trim.swift */ = {isa = PBXFileReference; lastKnownFileType = sourcecode.swift; path = "String+Trim.swift"; sourceTree = "<group>"; };
		F284200F2847358A0005AC3E /* MyRestaurants.app */ = {isa = PBXFileReference; explicitFileType = wrapper.application; includeInIndex = 0; path = MyRestaurants.app; sourceTree = BUILT_PRODUCTS_DIR; };
		F28420122847358A0005AC3E /* AppDelegate.swift */ = {isa = PBXFileReference; lastKnownFileType = sourcecode.swift; path = AppDelegate.swift; sourceTree = "<group>"; };
		F28420142847358A0005AC3E /* SceneDelegate.swift */ = {isa = PBXFileReference; lastKnownFileType = sourcecode.swift; path = SceneDelegate.swift; sourceTree = "<group>"; };
		F28420192847358A0005AC3E /* Base */ = {isa = PBXFileReference; lastKnownFileType = file.storyboard; name = Base; path = Base.lproj/Main.storyboard; sourceTree = "<group>"; };
		F284201B2847358B0005AC3E /* Assets.xcassets */ = {isa = PBXFileReference; lastKnownFileType = folder.assetcatalog; path = Assets.xcassets; sourceTree = "<group>"; };
		F284201E2847358B0005AC3E /* Base */ = {isa = PBXFileReference; lastKnownFileType = file.storyboard; name = Base; path = Base.lproj/LaunchScreen.storyboard; sourceTree = "<group>"; };
		F28420202847358B0005AC3E /* Info.plist */ = {isa = PBXFileReference; lastKnownFileType = text.plist.xml; path = Info.plist; sourceTree = "<group>"; };
		F29C9E09284B1A77004B34C8 /* HomeCollectionViewController.swift */ = {isa = PBXFileReference; lastKnownFileType = sourcecode.swift; path = HomeCollectionViewController.swift; sourceTree = "<group>"; };
		F29C9E0C284B1C65004B34C8 /* Filter.swift */ = {isa = PBXFileReference; lastKnownFileType = sourcecode.swift; path = Filter.swift; sourceTree = "<group>"; };
		F29C9E10284B212E004B34C8 /* Item.swift */ = {isa = PBXFileReference; lastKnownFileType = sourcecode.swift; path = Item.swift; sourceTree = "<group>"; };
		F29C9E14284B399F004B34C8 /* FilterCollectionViewCell.swift */ = {isa = PBXFileReference; lastKnownFileType = sourcecode.swift; path = FilterCollectionViewCell.swift; sourceTree = "<group>"; };
		F29C9E16284B39B2004B34C8 /* FoodCollectionViewCell.swift */ = {isa = PBXFileReference; lastKnownFileType = sourcecode.swift; path = FoodCollectionViewCell.swift; sourceTree = "<group>"; };
/* End PBXFileReference section */

/* Begin PBXFrameworksBuildPhase section */
		F284200C2847358A0005AC3E /* Frameworks */ = {
			isa = PBXFrameworksBuildPhase;
			buildActionMask = 2147483647;
			files = (
			);
			runOnlyForDeploymentPostprocessing = 0;
		};
/* End PBXFrameworksBuildPhase section */

/* Begin PBXGroup section */
		F239AC44284D280A00AA33EB /* Controllers */ = {
			isa = PBXGroup;
			children = (
				F29C9E09284B1A77004B34C8 /* HomeCollectionViewController.swift */,
			);
			path = Controllers;
			sourceTree = "<group>";
		};
		F239AC45284D854A00AA33EB /* Utils */ = {
			isa = PBXGroup;
			children = (
				F239AC46284D856800AA33EB /* String+Trim.swift */,
			);
			path = Utils;
			sourceTree = "<group>";
		};
		F28420062847358A0005AC3E = {
			isa = PBXGroup;
			children = (
				F28420112847358A0005AC3E /* MyRestaurants */,
				F28420102847358A0005AC3E /* Products */,
			);
			sourceTree = "<group>";
		};
		F28420102847358A0005AC3E /* Products */ = {
			isa = PBXGroup;
			children = (
				F284200F2847358A0005AC3E /* MyRestaurants.app */,
			);
			name = Products;
			sourceTree = "<group>";
		};
		F28420112847358A0005AC3E /* MyRestaurants */ = {
			isa = PBXGroup;
			children = (
				F239AC45284D854A00AA33EB /* Utils */,
				F28420122847358A0005AC3E /* AppDelegate.swift */,
				F28420142847358A0005AC3E /* SceneDelegate.swift */,
				F29C9E13284B3946004B34C8 /* Cells */,
				F29C9E0B284B1BB0004B34C8 /* Models */,
				F284201B2847358B0005AC3E /* Assets.xcassets */,
				F239AC44284D280A00AA33EB /* Controllers */,
				F284201D2847358B0005AC3E /* LaunchScreen.storyboard */,
				F28420182847358A0005AC3E /* Main.storyboard */,
				F28420202847358B0005AC3E /* Info.plist */,
			);
			path = MyRestaurants;
			sourceTree = "<group>";
		};
		F29C9E0B284B1BB0004B34C8 /* Models */ = {
			isa = PBXGroup;
			children = (
				F29C9E10284B212E004B34C8 /* Item.swift */,
				F2007EE428473BE900AA0631 /* Food.swift */,
				F29C9E0C284B1C65004B34C8 /* Filter.swift */,
			);
			path = Models;
			sourceTree = "<group>";
		};
		F29C9E13284B3946004B34C8 /* Cells */ = {
			isa = PBXGroup;
			children = (
				F29C9E14284B399F004B34C8 /* FilterCollectionViewCell.swift */,
				F29C9E16284B39B2004B34C8 /* FoodCollectionViewCell.swift */,
			);
			path = Cells;
			sourceTree = "<group>";
		};
/* End PBXGroup section */

/* Begin PBXNativeTarget section */
		F284200E2847358A0005AC3E /* MyRestaurants */ = {
			isa = PBXNativeTarget;
			buildConfigurationList = F28420232847358B0005AC3E /* Build configuration list for PBXNativeTarget "MyRestaurants" */;
			buildPhases = (
				F284200B2847358A0005AC3E /* Sources */,
				F284200C2847358A0005AC3E /* Frameworks */,
				F284200D2847358A0005AC3E /* Resources */,
			);
			buildRules = (
			);
			dependencies = (
			);
			name = MyRestaurants;
			productName = MyRestaurants;
			productReference = F284200F2847358A0005AC3E /* MyRestaurants.app */;
			productType = "com.apple.product-type.application";
		};
/* End PBXNativeTarget section */

/* Begin PBXProject section */
		F28420072847358A0005AC3E /* Project object */ = {
			isa = PBXProject;
			attributes = {
				BuildIndependentTargetsInParallel = 1;
				LastSwiftUpdateCheck = 1340;
				LastUpgradeCheck = 1340;
				TargetAttributes = {
					F284200E2847358A0005AC3E = {
						CreatedOnToolsVersion = 13.4;
					};
				};
			};
			buildConfigurationList = F284200A2847358A0005AC3E /* Build configuration list for PBXProject "MyRestaurants" */;
			compatibilityVersion = "Xcode 13.0";
			developmentRegion = en;
			hasScannedForEncodings = 0;
			knownRegions = (
				en,
				Base,
			);
			mainGroup = F28420062847358A0005AC3E;
			productRefGroup = F28420102847358A0005AC3E /* Products */;
			projectDirPath = "";
			projectRoot = "";
			targets = (
				F284200E2847358A0005AC3E /* MyRestaurants */,
			);
		};
/* End PBXProject section */

/* Begin PBXResourcesBuildPhase section */
		F284200D2847358A0005AC3E /* Resources */ = {
			isa = PBXResourcesBuildPhase;
			buildActionMask = 2147483647;
			files = (
				F284201F2847358B0005AC3E /* LaunchScreen.storyboard in Resources */,
				F284201C2847358B0005AC3E /* Assets.xcassets in Resources */,
				F284201A2847358A0005AC3E /* Main.storyboard in Resources */,
			);
			runOnlyForDeploymentPostprocessing = 0;
		};
/* End PBXResourcesBuildPhase section */

/* Begin PBXSourcesBuildPhase section */
		F284200B2847358A0005AC3E /* Sources */ = {
			isa = PBXSourcesBuildPhase;
			buildActionMask = 2147483647;
			files = (
				F29C9E17284B39B2004B34C8 /* FoodCollectionViewCell.swift in Sources */,
				F29C9E15284B399F004B34C8 /* FilterCollectionViewCell.swift in Sources */,
				F239AC47284D856800AA33EB /* String+Trim.swift in Sources */,
				F29C9E11284B212E004B34C8 /* Item.swift in Sources */,
				F28420132847358A0005AC3E /* AppDelegate.swift in Sources */,
				F28420152847358A0005AC3E /* SceneDelegate.swift in Sources */,
				F29C9E0A284B1A77004B34C8 /* HomeCollectionViewController.swift in Sources */,
				F29C9E0D284B1C65004B34C8 /* Filter.swift in Sources */,
				F2007EE528473BE900AA0631 /* Food.swift in Sources */,
			);
			runOnlyForDeploymentPostprocessing = 0;
		};
/* End PBXSourcesBuildPhase section */

/* Begin PBXVariantGroup section */
		F28420182847358A0005AC3E /* Main.storyboard */ = {
			isa = PBXVariantGroup;
			children = (
				F28420192847358A0005AC3E /* Base */,
			);
			name = Main.storyboard;
			sourceTree = "<group>";
		};
		F284201D2847358B0005AC3E /* LaunchScreen.storyboard */ = {
			isa = PBXVariantGroup;
			children = (
				F284201E2847358B0005AC3E /* Base */,
			);
			name = LaunchScreen.storyboard;
			sourceTree = "<group>";
		};
/* End PBXVariantGroup section */

/* Begin XCBuildConfiguration section */
		F28420212847358B0005AC3E /* Debug */ = {
			isa = XCBuildConfiguration;
			buildSettings = {
				ALWAYS_SEARCH_USER_PATHS = NO;
				CLANG_ANALYZER_NONNULL = YES;
				CLANG_ANALYZER_NUMBER_OBJECT_CONVERSION = YES_AGGRESSIVE;
				CLANG_CXX_LANGUAGE_STANDARD = "gnu++17";
				CLANG_ENABLE_MODULES = YES;
				CLANG_ENABLE_OBJC_ARC = YES;
				CLANG_ENABLE_OBJC_WEAK = YES;
				CLANG_WARN_BLOCK_CAPTURE_AUTORELEASING = YES;
				CLANG_WARN_BOOL_CONVERSION = YES;
				CLANG_WARN_COMMA = YES;
				CLANG_WARN_CONSTANT_CONVERSION = YES;
				CLANG_WARN_DEPRECATED_OBJC_IMPLEMENTATIONS = YES;
				CLANG_WARN_DIRECT_OBJC_ISA_USAGE = YES_ERROR;
				CLANG_WARN_DOCUMENTATION_COMMENTS = YES;
				CLANG_WARN_EMPTY_BODY = YES;
				CLANG_WARN_ENUM_CONVERSION = YES;
				CLANG_WARN_INFINITE_RECURSION = YES;
				CLANG_WARN_INT_CONVERSION = YES;
				CLANG_WARN_NON_LITERAL_NULL_CONVERSION = YES;
				CLANG_WARN_OBJC_IMPLICIT_RETAIN_SELF = YES;
				CLANG_WARN_OBJC_LITERAL_CONVERSION = YES;
				CLANG_WARN_OBJC_ROOT_CLASS = YES_ERROR;
				CLANG_WARN_QUOTED_INCLUDE_IN_FRAMEWORK_HEADER = YES;
				CLANG_WARN_RANGE_LOOP_ANALYSIS = YES;
				CLANG_WARN_STRICT_PROTOTYPES = YES;
				CLANG_WARN_SUSPICIOUS_MOVE = YES;
				CLANG_WARN_UNGUARDED_AVAILABILITY = YES_AGGRESSIVE;
				CLANG_WARN_UNREACHABLE_CODE = YES;
				CLANG_WARN__DUPLICATE_METHOD_MATCH = YES;
				COPY_PHASE_STRIP = NO;
				DEBUG_INFORMATION_FORMAT = dwarf;
				ENABLE_STRICT_OBJC_MSGSEND = YES;
				ENABLE_TESTABILITY = YES;
				GCC_C_LANGUAGE_STANDARD = gnu11;
				GCC_DYNAMIC_NO_PIC = NO;
				GCC_NO_COMMON_BLOCKS = YES;
				GCC_OPTIMIZATION_LEVEL = 0;
				GCC_PREPROCESSOR_DEFINITIONS = (
					"DEBUG=1",
					"$(inherited)",
				);
				GCC_WARN_64_TO_32_BIT_CONVERSION = YES;
				GCC_WARN_ABOUT_RETURN_TYPE = YES_ERROR;
				GCC_WARN_UNDECLARED_SELECTOR = YES;
				GCC_WARN_UNINITIALIZED_AUTOS = YES_AGGRESSIVE;
				GCC_WARN_UNUSED_FUNCTION = YES;
				GCC_WARN_UNUSED_VARIABLE = YES;
				IPHONEOS_DEPLOYMENT_TARGET = 15.5;
				MTL_ENABLE_DEBUG_INFO = INCLUDE_SOURCE;
				MTL_FAST_MATH = YES;
				ONLY_ACTIVE_ARCH = YES;
				SDKROOT = iphoneos;
				SWIFT_ACTIVE_COMPILATION_CONDITIONS = DEBUG;
				SWIFT_OPTIMIZATION_LEVEL = "-Onone";
			};
			name = Debug;
		};
		F28420222847358B0005AC3E /* Release */ = {
			isa = XCBuildConfiguration;
			buildSettings = {
				ALWAYS_SEARCH_USER_PATHS = NO;
				CLANG_ANALYZER_NONNULL = YES;
				CLANG_ANALYZER_NUMBER_OBJECT_CONVERSION = YES_AGGRESSIVE;
				CLANG_CXX_LANGUAGE_STANDARD = "gnu++17";
				CLANG_ENABLE_MODULES = YES;
				CLANG_ENABLE_OBJC_ARC = YES;
				CLANG_ENABLE_OBJC_WEAK = YES;
				CLANG_WARN_BLOCK_CAPTURE_AUTORELEASING = YES;
				CLANG_WARN_BOOL_CONVERSION = YES;
				CLANG_WARN_COMMA = YES;
				CLANG_WARN_CONSTANT_CONVERSION = YES;
				CLANG_WARN_DEPRECATED_OBJC_IMPLEMENTATIONS = YES;
				CLANG_WARN_DIRECT_OBJC_ISA_USAGE = YES_ERROR;
				CLANG_WARN_DOCUMENTATION_COMMENTS = YES;
				CLANG_WARN_EMPTY_BODY = YES;
				CLANG_WARN_ENUM_CONVERSION = YES;
				CLANG_WARN_INFINITE_RECURSION = YES;
				CLANG_WARN_INT_CONVERSION = YES;
				CLANG_WARN_NON_LITERAL_NULL_CONVERSION = YES;
				CLANG_WARN_OBJC_IMPLICIT_RETAIN_SELF = YES;
				CLANG_WARN_OBJC_LITERAL_CONVERSION = YES;
				CLANG_WARN_OBJC_ROOT_CLASS = YES_ERROR;
				CLANG_WARN_QUOTED_INCLUDE_IN_FRAMEWORK_HEADER = YES;
				CLANG_WARN_RANGE_LOOP_ANALYSIS = YES;
				CLANG_WARN_STRICT_PROTOTYPES = YES;
				CLANG_WARN_SUSPICIOUS_MOVE = YES;
				CLANG_WARN_UNGUARDED_AVAILABILITY = YES_AGGRESSIVE;
				CLANG_WARN_UNREACHABLE_CODE = YES;
				CLANG_WARN__DUPLICATE_METHOD_MATCH = YES;
				COPY_PHASE_STRIP = NO;
				DEBUG_INFORMATION_FORMAT = "dwarf-with-dsym";
				ENABLE_NS_ASSERTIONS = NO;
				ENABLE_STRICT_OBJC_MSGSEND = YES;
				GCC_C_LANGUAGE_STANDARD = gnu11;
				GCC_NO_COMMON_BLOCKS = YES;
				GCC_WARN_64_TO_32_BIT_CONVERSION = YES;
				GCC_WARN_ABOUT_RETURN_TYPE = YES_ERROR;
				GCC_WARN_UNDECLARED_SELECTOR = YES;
				GCC_WARN_UNINITIALIZED_AUTOS = YES_AGGRESSIVE;
				GCC_WARN_UNUSED_FUNCTION = YES;
				GCC_WARN_UNUSED_VARIABLE = YES;
				IPHONEOS_DEPLOYMENT_TARGET = 15.5;
				MTL_ENABLE_DEBUG_INFO = NO;
				MTL_FAST_MATH = YES;
				SDKROOT = iphoneos;
				SWIFT_COMPILATION_MODE = wholemodule;
				SWIFT_OPTIMIZATION_LEVEL = "-O";
				VALIDATE_PRODUCT = YES;
			};
			name = Release;
		};
		F28420242847358B0005AC3E /* Debug */ = {
			isa = XCBuildConfiguration;
			buildSettings = {
				ASSETCATALOG_COMPILER_APPICON_NAME = AppIcon;
				ASSETCATALOG_COMPILER_GLOBAL_ACCENT_COLOR_NAME = AccentColor;
				CODE_SIGN_STYLE = Automatic;
				CURRENT_PROJECT_VERSION = 1;
				GENERATE_INFOPLIST_FILE = YES;
				INFOPLIST_FILE = MyRestaurants/Info.plist;
				INFOPLIST_KEY_UIApplicationSupportsIndirectInputEvents = YES;
				INFOPLIST_KEY_UILaunchStoryboardName = LaunchScreen;
				INFOPLIST_KEY_UIMainStoryboardFile = Main;
				INFOPLIST_KEY_UISupportedInterfaceOrientations_iPad = "UIInterfaceOrientationPortrait UIInterfaceOrientationPortraitUpsideDown UIInterfaceOrientationLandscapeLeft UIInterfaceOrientationLandscapeRight";
				INFOPLIST_KEY_UISupportedInterfaceOrientations_iPhone = "UIInterfaceOrientationPortrait UIInterfaceOrientationLandscapeLeft UIInterfaceOrientationLandscapeRight";
				LD_RUNPATH_SEARCH_PATHS = (
					"$(inherited)",
					"@executable_path/Frameworks",
				);
				MARKETING_VERSION = 1.0;
				PRODUCT_BUNDLE_IDENTIFIER = com.example.MyRestaurants;
				PRODUCT_NAME = "$(TARGET_NAME)";
				SWIFT_EMIT_LOC_STRINGS = YES;
				SWIFT_VERSION = 5.0;
				TARGETED_DEVICE_FAMILY = "1,2";
			};
			name = Debug;
		};
		F28420252847358B0005AC3E /* Release */ = {
			isa = XCBuildConfiguration;
			buildSettings = {
				ASSETCATALOG_COMPILER_APPICON_NAME = AppIcon;
				ASSETCATALOG_COMPILER_GLOBAL_ACCENT_COLOR_NAME = AccentColor;
				CODE_SIGN_STYLE = Automatic;
				CURRENT_PROJECT_VERSION = 1;
				GENERATE_INFOPLIST_FILE = YES;
				INFOPLIST_FILE = MyRestaurants/Info.plist;
				INFOPLIST_KEY_UIApplicationSupportsIndirectInputEvents = YES;
				INFOPLIST_KEY_UILaunchStoryboardName = LaunchScreen;
				INFOPLIST_KEY_UIMainStoryboardFile = Main;
				INFOPLIST_KEY_UISupportedInterfaceOrientations_iPad = "UIInterfaceOrientationPortrait UIInterfaceOrientationPortraitUpsideDown UIInterfaceOrientationLandscapeLeft UIInterfaceOrientationLandscapeRight";
				INFOPLIST_KEY_UISupportedInterfaceOrientations_iPhone = "UIInterfaceOrientationPortrait UIInterfaceOrientationLandscapeLeft UIInterfaceOrientationLandscapeRight";
				LD_RUNPATH_SEARCH_PATHS = (
					"$(inherited)",
					"@executable_path/Frameworks",
				);
				MARKETING_VERSION = 1.0;
				PRODUCT_BUNDLE_IDENTIFIER = com.example.MyRestaurants;
				PRODUCT_NAME = "$(TARGET_NAME)";
				SWIFT_EMIT_LOC_STRINGS = YES;
				SWIFT_VERSION = 5.0;
				TARGETED_DEVICE_FAMILY = "1,2";
			};
			name = Release;
		};
/* End XCBuildConfiguration section */

/* Begin XCConfigurationList section */
		F284200A2847358A0005AC3E /* Build configuration list for PBXProject "MyRestaurants" */ = {
			isa = XCConfigurationList;
			buildConfigurations = (
				F28420212847358B0005AC3E /* Debug */,
				F28420222847358B0005AC3E /* Release */,
			);
			defaultConfigurationIsVisible = 0;
			defaultConfigurationName = Release;
		};
		F28420232847358B0005AC3E /* Build configuration list for PBXNativeTarget "MyRestaurants" */ = {
			isa = XCConfigurationList;
			buildConfigurations = (
				F28420242847358B0005AC3E /* Debug */,
				F28420252847358B0005AC3E /* Release */,
			);
			defaultConfigurationIsVisible = 0;
			defaultConfigurationName = Release;
		};
/* End XCConfigurationList section */
	};
	rootObject = F28420072847358A0005AC3E /* Project object */;
}
